file:
- unparsable:
  - word: DROP
  - word: INDEX
  - back_quote: '`test`'
  - word: ON
  - back_quote: '`table1`'
  - word: LOCK
  - raw_comparison_operator: =
  - word: DEFAULT
  - semicolon: ;
  - word: DROP
  - word: INDEX
  - back_quote: '`test`'
  - word: ON
  - back_quote: '`table1`'
  - word: LOCK
  - raw_comparison_operator: =
  - word: NONE
  - semicolon: ;
  - word: DROP
  - word: INDEX
  - back_quote: '`test`'
  - word: ON
  - back_quote: '`table1`'
  - word: LOCK
  - raw_comparison_operator: =
  - word: SHARED
  - semicolon: ;
  - word: DROP
  - word: INDEX
  - back_quote: '`test`'
  - word: ON
  - back_quote: '`table1`'
  - word: LOCK
  - raw_comparison_operator: =
  - word: EXCLUSIVE
  - semicolon: ;
  - word: DROP
  - word: INDEX
  - back_quote: '`test`'
  - word: ON
  - back_quote: '`table1`'
  - word: LOCK
  - word: DEFAULT
  - semicolon: ;
  - word: DROP
  - word: INDEX
  - back_quote: '`test`'
  - word: ON
  - back_quote: '`table1`'
  - word: LOCK
  - word: NONE
  - semicolon: ;
  - word: DROP
  - word: INDEX
  - back_quote: '`test`'
  - word: ON
  - back_quote: '`table1`'
  - word: LOCK
  - word: SHARED
  - semicolon: ;
  - word: DROP
  - word: INDEX
  - back_quote: '`test`'
  - word: ON
  - back_quote: '`table1`'
  - word: LOCK
  - word: EXCLUSIVE
  - semicolon: ;
